
Microsoft Visual Studio Solution File, Format Version 11.00
# Visual Studio 2010
Project("{8BC9CEB8-8B4A-11D0-8D11-00A0C91BC942}") = "udpmtu", "udpmtu.vcxproj", "{29DA6DC9-C5F0-4C49-8963-169A1D62DCED}"
EndProject
Global
	GlobalSection(SolutionConfigurationPlatforms) = preSolution
		Debug|Win32 = Debug|Win32
		Release|Win32 = Release|Win32
	EndGlobalSection
	GlobalSection(ProjectConfigurationPlatforms) = postSolution
		{29DA6DC9-C5F0-4C49-8963-169A1D62DCED}.Debug|Win32.ActiveCfg = Debug|Win32
		{29DA6DC9-C5F0-4C49-8963-169A1D62DCED}.Debug|Win32.Build.0 = Debug|Win32
		{29DA6DC9-C5F0-4C49-8963-169A1D62DCED}.Release|Win32.ActiveCfg = Release|Win32
		{29DA6DC9-C5F0-4C49-8963-169A1D62DCED}.Release|Win32.Build.0 = Release|Win32
	EndGlobalSection
	GlobalSection(SolutionProperties) = preSolution
		HideSolutionNode = FALSE
	EndGlobalSection
EndGlobal
